
Microsoft Visual Studio Solution File, Format Version 12.00
# Visual Studio Version 16
VisualStudioVersion = 16.0.30517.126
MinimumVisualStudioVersion = 10.0.40219.1
Project("{FAE04EC0-301F-11D3-BF4B-00C04F79EFBC}") = "WpfApp_CourseProject2", "WpfApp_CourseProject2\WpfApp_CourseProject2.csproj", "{9EB73184-520C-43DD-990C-DF7AA2EB701E}"
EndProject
Project("{FAE04EC0-301F-11D3-BF4B-00C04F79EFBC}") = "DAL", "..\CourseProject\DAL\DAL.csproj", "{688E16BA-CC9F-4BB6-BA5E-06B56B35F921}"
EndProject
Global
	GlobalSection(SolutionConfigurationPlatforms) = preSolution
		Debug|Any CPU = Debug|Any CPU
		Release|Any CPU = Release|Any CPU
	EndGlobalSection
	GlobalSection(ProjectConfigurationPlatforms) = postSolution
		{9EB73184-520C-43DD-990C-DF7AA2EB701E}.Debug|Any CPU.ActiveCfg = Debug|Any CPU
		{9EB73184-520C-43DD-990C-DF7AA2EB701E}.Debug|Any CPU.Build.0 = Debug|Any CPU
		{9EB73184-520C-43DD-990C-DF7AA2EB701E}.Release|Any CPU.ActiveCfg = Release|Any CPU
		{9EB73184-520C-43DD-990C-DF7AA2EB701E}.Release|Any CPU.Build.0 = Release|Any CPU
		{688E16BA-CC9F-4BB6-BA5E-06B56B35F921}.Debug|Any CPU.ActiveCfg = Debug|Any CPU
		{688E16BA-CC9F-4BB6-BA5E-06B56B35F921}.Debug|Any CPU.Build.0 = Debug|Any CPU
		{688E16BA-CC9F-4BB6-BA5E-06B56B35F921}.Release|Any CPU.ActiveCfg = Release|Any CPU
		{688E16BA-CC9F-4BB6-BA5E-06B56B35F921}.Release|Any CPU.Build.0 = Release|Any CPU
	EndGlobalSection
	GlobalSection(SolutionProperties) = preSolution
		HideSolutionNode = FALSE
	EndGlobalSection
	GlobalSection(ExtensibilityGlobals) = postSolution
		SolutionGuid = {3BAD47B8-E823-41DC-BD87-6E02ED1825C9}
	EndGlobalSection
EndGlobal
